
Microsoft Visual Studio Solution File, Format Version 12.00
# Visual Studio 15
VisualStudioVersion = 15.0.27703.2042
MinimumVisualStudioVersion = 10.0.40219.1
Project("{9A19103F-16F7-4668-BE54-9A1E7A4F7556}") = "FirstCore", "FirstCore\FirstCore.csproj", "{A81ED0EA-21AF-47E3-966D-C21EB86AA24B}"
EndProject
Project("{FAE04EC0-301F-11D3-BF4B-00C04F79EFBC}") = "CoreData", "CoreData\CoreData.csproj", "{FD4BB655-E512-4347-9007-1F99E924F243}"
EndProject
Global
	GlobalSection(SolutionConfigurationPlatforms) = preSolution
		Debug|Any CPU = Debug|Any CPU
		Release|Any CPU = Release|Any CPU
	EndGlobalSection
	GlobalSection(ProjectConfigurationPlatforms) = postSolution
		{A81ED0EA-21AF-47E3-966D-C21EB86AA24B}.Debug|Any CPU.ActiveCfg = Debug|Any CPU
		{A81ED0EA-21AF-47E3-966D-C21EB86AA24B}.Debug|Any CPU.Build.0 = Debug|Any CPU
		{A81ED0EA-21AF-47E3-966D-C21EB86AA24B}.Release|Any CPU.ActiveCfg = Release|Any CPU
		{A81ED0EA-21AF-47E3-966D-C21EB86AA24B}.Release|Any CPU.Build.0 = Release|Any CPU
		{FD4BB655-E512-4347-9007-1F99E924F243}.Debug|Any CPU.ActiveCfg = Debug|Any CPU
		{FD4BB655-E512-4347-9007-1F99E924F243}.Debug|Any CPU.Build.0 = Debug|Any CPU
		{FD4BB655-E512-4347-9007-1F99E924F243}.Release|Any CPU.ActiveCfg = Release|Any CPU
		{FD4BB655-E512-4347-9007-1F99E924F243}.Release|Any CPU.Build.0 = Release|Any CPU
	EndGlobalSection
	GlobalSection(SolutionProperties) = preSolution
		HideSolutionNode = FALSE
	EndGlobalSection
	GlobalSection(ExtensibilityGlobals) = postSolution
		SolutionGuid = {4B8527F6-B56D-4D85-B7CA-01B745B01662}
	EndGlobalSection
EndGlobal
